
Microsoft Visual Studio Solution File, Format Version 12.00
# Visual Studio Version 17
VisualStudioVersion = 17.4.33103.184
MinimumVisualStudioVersion = 10.0.40219.1
Project("{FAE04EC0-301F-11D3-BF4B-00C04F79EFBC}") = "SingletonScopedTransient", "SingletonScopedTransient\SingletonScopedTransient.csproj", "{3908CB8D-E9F4-4F34-B23F-A3FE36F46B63}"
EndProject
Global
	GlobalSection(SolutionConfigurationPlatforms) = preSolution
		Debug|Any CPU = Debug|Any CPU
		Release|Any CPU = Release|Any CPU
	EndGlobalSection
	GlobalSection(ProjectConfigurationPlatforms) = postSolution
		{3908CB8D-E9F4-4F34-B23F-A3FE36F46B63}.Debug|Any CPU.ActiveCfg = Debug|Any CPU
		{3908CB8D-E9F4-4F34-B23F-A3FE36F46B63}.Debug|Any CPU.Build.0 = Debug|Any CPU
		{3908CB8D-E9F4-4F34-B23F-A3FE36F46B63}.Release|Any CPU.ActiveCfg = Release|Any CPU
		{3908CB8D-E9F4-4F34-B23F-A3FE36F46B63}.Release|Any CPU.Build.0 = Release|Any CPU
	EndGlobalSection
	GlobalSection(SolutionProperties) = preSolution
		HideSolutionNode = FALSE
	EndGlobalSection
	GlobalSection(ExtensibilityGlobals) = postSolution
		SolutionGuid = {45E0EA54-99FB-42DB-A54B-0213EB1CF083}
	EndGlobalSection
EndGlobal
